Microsoft Visual Studio Solution File, Format Version 12.00
# Visual Studio 2012
Project("{FAE04EC0-301F-11D3-BF4B-00C04F79EFBC}") = "StepToStep", "StepToStep.csproj", "{79F0AFFF-9EB1-4BE4-BE27-914B6D2DCCFC}"
EndProject
Global
	GlobalSection(SolutionConfigurationPlatforms) = preSolution
	Debug|Any CPU = Debug|Any CPU
	ExportDebug|Any CPU = ExportDebug|Any CPU
	ExportRelease|Any CPU = ExportRelease|Any CPU
	EndGlobalSection
	GlobalSection(ProjectConfigurationPlatforms) = postSolution
		{79F0AFFF-9EB1-4BE4-BE27-914B6D2DCCFC}.Debug|Any CPU.ActiveCfg = Debug|Any CPU
		{79F0AFFF-9EB1-4BE4-BE27-914B6D2DCCFC}.Debug|Any CPU.Build.0 = Debug|Any CPU
		{79F0AFFF-9EB1-4BE4-BE27-914B6D2DCCFC}.ExportDebug|Any CPU.ActiveCfg = ExportDebug|Any CPU
		{79F0AFFF-9EB1-4BE4-BE27-914B6D2DCCFC}.ExportDebug|Any CPU.Build.0 = ExportDebug|Any CPU
		{79F0AFFF-9EB1-4BE4-BE27-914B6D2DCCFC}.ExportRelease|Any CPU.ActiveCfg = ExportRelease|Any CPU
		{79F0AFFF-9EB1-4BE4-BE27-914B6D2DCCFC}.ExportRelease|Any CPU.Build.0 = ExportRelease|Any CPU
	EndGlobalSection
EndGlobal
