Microsoft Visual Studio Solution File, Format Version 12.00
# Visual Studio 2012
Project("{FAE04EC0-301F-11D3-BF4B-00C04F79EFBC}") = "StepToStep", "StepToStep.csproj", "{EECECC4B-D677-4CCA-91DA-BC5CCC758616}"
EndProject
Global
	GlobalSection(SolutionConfigurationPlatforms) = preSolution
	Debug|Any CPU = Debug|Any CPU
	ExportDebug|Any CPU = ExportDebug|Any CPU
	ExportRelease|Any CPU = ExportRelease|Any CPU
	EndGlobalSection
	GlobalSection(ProjectConfigurationPlatforms) = postSolution
		{EECECC4B-D677-4CCA-91DA-BC5CCC758616}.Debug|Any CPU.ActiveCfg = Debug|Any CPU
		{EECECC4B-D677-4CCA-91DA-BC5CCC758616}.Debug|Any CPU.Build.0 = Debug|Any CPU
		{EECECC4B-D677-4CCA-91DA-BC5CCC758616}.ExportDebug|Any CPU.ActiveCfg = ExportDebug|Any CPU
		{EECECC4B-D677-4CCA-91DA-BC5CCC758616}.ExportDebug|Any CPU.Build.0 = ExportDebug|Any CPU
		{EECECC4B-D677-4CCA-91DA-BC5CCC758616}.ExportRelease|Any CPU.ActiveCfg = ExportRelease|Any CPU
		{EECECC4B-D677-4CCA-91DA-BC5CCC758616}.ExportRelease|Any CPU.Build.0 = ExportRelease|Any CPU
	EndGlobalSection
EndGlobal
